
Microsoft Visual Studio Solution File, Format Version 12.00
# Visual Studio Version 17
VisualStudioVersion = 17.12.35527.113
MinimumVisualStudioVersion = 10.0.40219.1
Project("{2150E333-8FDC-42A3-9474-1A3956D46DE8}") = "src", "src", "{B44A1615-FCDD-4D95-BF96-E771A2B1D6B8}"
EndProject
Project("{FAE04EC0-301F-11D3-BF4B-00C04F79EFBC}") = "Domain", "Domain\Domain.csproj", "{529792A8-468F-46ED-A099-55245BDDDE38}"
EndProject
Project("{FAE04EC0-301F-11D3-BF4B-00C04F79EFBC}") = "Application", "Application\Application.csproj", "{0B83AABE-B865-488D-9A6E-F25478F7ABF9}"
EndProject
Project("{FAE04EC0-301F-11D3-BF4B-00C04F79EFBC}") = "Infrastructure", "Infrastructure\Infrastructure.csproj", "{1F58CD46-83BF-4BE8-BD9F-D2BD9CB67EC5}"
EndProject
Project("{FAE04EC0-301F-11D3-BF4B-00C04F79EFBC}") = "Api", "Api\Api.csproj", "{29D7C58E-8F58-43FC-B40A-BAAB4FBBB027}"
	ProjectSection(ProjectDependencies) = postProject
		{03142F3C-B4F7-4B96-810C-16DC2E29D3BE} = {03142F3C-B4F7-4B96-810C-16DC2E29D3BE}
	EndProjectSection
EndProject
Project("{FAE04EC0-301F-11D3-BF4B-00C04F79EFBC}") = "Persistence", "Persistence\Persistence.csproj", "{03142F3C-B4F7-4B96-810C-16DC2E29D3BE}"
EndProject
Project("{FAE04EC0-301F-11D3-BF4B-00C04F79EFBC}") = "Database", "Database\Database.csproj", "{E9BEEEFF-DDB1-4C29-A44C-A248CE2963ED}"
EndProject
Project("{2150E333-8FDC-42A3-9474-1A3956D46DE8}") = "Solution Items", "Solution Items", "{756D2518-CCB1-4A3F-9EB8-4C7B2CB5775B}"
	ProjectSection(SolutionItems) = preProject
		.editorconfig = .editorconfig
	EndProjectSection
EndProject
Project("{E53339B2-1760-4266-BCC7-CA923CBCF16C}") = "docker-compose", "docker-compose.dcproj", "{C3CEF0AA-E70C-42AD-B63E-14800BC8672D}"
EndProject
Global
	GlobalSection(SolutionConfigurationPlatforms) = preSolution
		Debug|Any CPU = Debug|Any CPU
		Release|Any CPU = Release|Any CPU
	EndGlobalSection
	GlobalSection(ProjectConfigurationPlatforms) = postSolution
		{529792A8-468F-46ED-A099-55245BDDDE38}.Debug|Any CPU.ActiveCfg = Debug|Any CPU
		{529792A8-468F-46ED-A099-55245BDDDE38}.Debug|Any CPU.Build.0 = Debug|Any CPU
		{529792A8-468F-46ED-A099-55245BDDDE38}.Release|Any CPU.ActiveCfg = Release|Any CPU
		{529792A8-468F-46ED-A099-55245BDDDE38}.Release|Any CPU.Build.0 = Release|Any CPU
		{0B83AABE-B865-488D-9A6E-F25478F7ABF9}.Debug|Any CPU.ActiveCfg = Debug|Any CPU
		{0B83AABE-B865-488D-9A6E-F25478F7ABF9}.Debug|Any CPU.Build.0 = Debug|Any CPU
		{0B83AABE-B865-488D-9A6E-F25478F7ABF9}.Release|Any CPU.ActiveCfg = Release|Any CPU
		{0B83AABE-B865-488D-9A6E-F25478F7ABF9}.Release|Any CPU.Build.0 = Release|Any CPU
		{1F58CD46-83BF-4BE8-BD9F-D2BD9CB67EC5}.Debug|Any CPU.ActiveCfg = Debug|Any CPU
		{1F58CD46-83BF-4BE8-BD9F-D2BD9CB67EC5}.Debug|Any CPU.Build.0 = Debug|Any CPU
		{1F58CD46-83BF-4BE8-BD9F-D2BD9CB67EC5}.Release|Any CPU.ActiveCfg = Release|Any CPU
		{1F58CD46-83BF-4BE8-BD9F-D2BD9CB67EC5}.Release|Any CPU.Build.0 = Release|Any CPU
		{29D7C58E-8F58-43FC-B40A-BAAB4FBBB027}.Debug|Any CPU.ActiveCfg = Debug|Any CPU
		{29D7C58E-8F58-43FC-B40A-BAAB4FBBB027}.Debug|Any CPU.Build.0 = Debug|Any CPU
		{29D7C58E-8F58-43FC-B40A-BAAB4FBBB027}.Release|Any CPU.ActiveCfg = Release|Any CPU
		{29D7C58E-8F58-43FC-B40A-BAAB4FBBB027}.Release|Any CPU.Build.0 = Release|Any CPU
		{03142F3C-B4F7-4B96-810C-16DC2E29D3BE}.Debug|Any CPU.ActiveCfg = Debug|Any CPU
		{03142F3C-B4F7-4B96-810C-16DC2E29D3BE}.Debug|Any CPU.Build.0 = Debug|Any CPU
		{03142F3C-B4F7-4B96-810C-16DC2E29D3BE}.Release|Any CPU.ActiveCfg = Release|Any CPU
		{03142F3C-B4F7-4B96-810C-16DC2E29D3BE}.Release|Any CPU.Build.0 = Release|Any CPU
		{E9BEEEFF-DDB1-4C29-A44C-A248CE2963ED}.Debug|Any CPU.ActiveCfg = Debug|Any CPU
		{E9BEEEFF-DDB1-4C29-A44C-A248CE2963ED}.Debug|Any CPU.Build.0 = Debug|Any CPU
		{E9BEEEFF-DDB1-4C29-A44C-A248CE2963ED}.Release|Any CPU.ActiveCfg = Release|Any CPU
		{E9BEEEFF-DDB1-4C29-A44C-A248CE2963ED}.Release|Any CPU.Build.0 = Release|Any CPU
		{C3CEF0AA-E70C-42AD-B63E-14800BC8672D}.Debug|Any CPU.ActiveCfg = Debug|Any CPU
		{C3CEF0AA-E70C-42AD-B63E-14800BC8672D}.Debug|Any CPU.Build.0 = Debug|Any CPU
		{C3CEF0AA-E70C-42AD-B63E-14800BC8672D}.Release|Any CPU.ActiveCfg = Release|Any CPU
		{C3CEF0AA-E70C-42AD-B63E-14800BC8672D}.Release|Any CPU.Build.0 = Release|Any CPU
	EndGlobalSection
	GlobalSection(SolutionProperties) = preSolution
		HideSolutionNode = FALSE
	EndGlobalSection
	GlobalSection(NestedProjects) = preSolution
		{529792A8-468F-46ED-A099-55245BDDDE38} = {B44A1615-FCDD-4D95-BF96-E771A2B1D6B8}
		{0B83AABE-B865-488D-9A6E-F25478F7ABF9} = {B44A1615-FCDD-4D95-BF96-E771A2B1D6B8}
		{1F58CD46-83BF-4BE8-BD9F-D2BD9CB67EC5} = {B44A1615-FCDD-4D95-BF96-E771A2B1D6B8}
		{29D7C58E-8F58-43FC-B40A-BAAB4FBBB027} = {B44A1615-FCDD-4D95-BF96-E771A2B1D6B8}
		{03142F3C-B4F7-4B96-810C-16DC2E29D3BE} = {B44A1615-FCDD-4D95-BF96-E771A2B1D6B8}
		{E9BEEEFF-DDB1-4C29-A44C-A248CE2963ED} = {B44A1615-FCDD-4D95-BF96-E771A2B1D6B8}
	EndGlobalSection
EndGlobal
